{
  "name": "building-viewer",
  "lockfileVersion": 2,
  "requires": true,
  "packages": {
    "": {
      "dependencies": {
        "mapbox-gl": "^2.2.0",
        "mapillary-js": "^4.0.0",
        "three": "0.127.0"
      }
    },
    "node_modules/@mapbox/geojson-rewind": {
      "version": "0.5.1",
      "resolved": "https://registry.npmjs.org/@mapbox/geojson-rewind/-/geojson-rewind-0.5.1.tgz",
      "integrity": "sha512-eL7fMmfTBKjrb+VFHXCGv9Ot0zc3C0U+CwXo1IrP+EPwDczLoXv34Tgq3y+2mPSFNVUXgU42ILWJTC7145KPTA==",
      "dependencies": {
        "get-stream": "^6.0.1",
        "minimist": "^1.2.5"
      },
      "bin": {
        "geojson-rewind": "geojson-rewind"
      }
    },
    "node_modules/@mapbox/geojson-types": {
      "version": "1.0.2",
      "resolved": "https://registry.npmjs.org/@mapbox/geojson-types/-/geojson-types-1.0.2.tgz",
      "integrity": "sha512-e9EBqHHv3EORHrSfbR9DqecPNn+AmuAoQxV6aL8Xu30bJMJR1o8PZLZzpk1Wq7/NfCbuhmakHTPYRhoqLsXRnw=="
    },
    "node_modules/@mapbox/jsonlint-lines-primitives": {
      "version": "2.0.2",
      "resolved": "https://registry.npmjs.org/@mapbox/jsonlint-lines-primitives/-/jsonlint-lines-primitives-2.0.2.tgz",
      "integrity": "sha1-zlblOfg1UrWNENZy6k1vya3HsjQ=",
      "engines": {
        "node": ">= 0.6"
      }
    },
    "node_modules/@mapbox/mapbox-gl-supported": {
      "version": "2.0.0",
      "resolved": "https://registry.npmjs.org/@mapbox/mapbox-gl-supported/-/mapbox-gl-supported-2.0.0.tgz",
      "integrity": "sha512-zu4udqYiBrKMQKwpKJ4hhPON7tz0QR/JZ3iGpHnNWFmH3Sv/ysxlICATUtGCFpsyJf2v1WpFhlzaZ3GhhKmPMA=="
    },
    "node_modules/@mapbox/point-geometry": {
      "version": "0.1.0",
      "resolved": "https://registry.npmjs.org/@mapbox/point-geometry/-/point-geometry-0.1.0.tgz",
      "integrity": "sha1-ioP5M1x4YO/6Lu7KJUMyqgru2PI="
    },
    "node_modules/@mapbox/tiny-sdf": {
      "version": "1.2.5",
      "resolved": "https://registry.npmjs.org/@mapbox/tiny-sdf/-/tiny-sdf-1.2.5.tgz",
      "integrity": "sha512-cD8A/zJlm6fdJOk6DqPUV8mcpyJkRz2x2R+/fYcWDYG3oWbG7/L7Yl/WqQ1VZCjnL9OTIMAn6c+BC5Eru4sQEw=="
    },
    "node_modules/@mapbox/unitbezier": {
      "version": "0.0.0",
      "resolved": "https://registry.npmjs.org/@mapbox/unitbezier/-/unitbezier-0.0.0.tgz",
      "integrity": "sha1-FWUb1VOme4WB+zmIEMmK2Go0Uk4="
    },
    "node_modules/@mapbox/vector-tile": {
      "version": "1.3.1",
      "resolved": "https://registry.npmjs.org/@mapbox/vector-tile/-/vector-tile-1.3.1.tgz",
      "integrity": "sha512-MCEddb8u44/xfQ3oD+Srl/tNcQoqTw3goGk2oLsrFxOTc3dUp+kAnby3PvAeeBYSMSjSPD1nd1AJA6W49WnoUw==",
      "dependencies": {
        "@mapbox/point-geometry": "~0.1.0"
      }
    },
    "node_modules/@mapbox/whoots-js": {
      "version": "3.1.0",
      "resolved": "https://registry.npmjs.org/@mapbox/whoots-js/-/whoots-js-3.1.0.tgz",
      "integrity": "sha512-Es6WcD0nO5l+2BOQS4uLfNPYQaNDfbot3X1XUoloz+x0mPDS3eeORZJl06HXjwBG1fOGwCRnzK88LMdxKRrd6Q==",
      "engines": {
        "node": ">=6.0.0"
      }
    },
    "node_modules/@types/earcut": {
      "version": "2.1.1",
      "resolved": "https://registry.npmjs.org/@types/earcut/-/earcut-2.1.1.tgz",
      "integrity": "sha512-w8oigUCDjElRHRRrMvn/spybSMyX8MTkKA5Dv+tS1IE/TgmNZPqUYtvYBXGY8cieSE66gm+szeK+bnbxC2xHTQ=="
    },
    "node_modules/@types/node": {
      "version": "14.17.2",
      "resolved": "https://registry.npmjs.org/@types/node/-/node-14.17.2.tgz",
      "integrity": "sha512-sld7b/xmFum66AAKuz/rp/CUO8+98fMpyQ3SBfzzBNGMd/1iHBTAg9oyAvcYlAj46bpc74r91jSw2iFdnx29nw=="
    },
    "node_modules/@types/pako": {
      "version": "1.0.1",
      "resolved": "https://registry.npmjs.org/@types/pako/-/pako-1.0.1.tgz",
      "integrity": "sha512-GdZbRSJ3Cv5fiwT6I0SQ3ckeN2PWNqxd26W9Z2fCK1tGrrasGy4puvNFtnddqH9UJFMQYXxEuuB7B8UK+LLwSg=="
    },
    "node_modules/@types/pbf": {
      "version": "3.0.2",
      "resolved": "https://registry.npmjs.org/@types/pbf/-/pbf-3.0.2.tgz",
      "integrity": "sha512-EDrLIPaPXOZqDjrkzxxbX7UlJSeQVgah3i0aA4pOSzmK9zq3BIh7/MZIQxED7slJByvKM4Gc6Hypyu2lJzh3SQ=="
    },
    "node_modules/@types/polylabel": {
      "version": "1.0.5",
      "resolved": "https://registry.npmjs.org/@types/polylabel/-/polylabel-1.0.5.tgz",
      "integrity": "sha512-gnaNmo1OJiYNBFAZMZdqLZ3hKx2ee4ksAzqhKWBxuQ61PmhINHMcvIqsGmyCD1WFKCkwRt9NFhMSmKE6AgYY+w=="
    },
    "node_modules/@types/rbush": {
      "version": "3.0.0",
      "resolved": "https://registry.npmjs.org/@types/rbush/-/rbush-3.0.0.tgz",
      "integrity": "sha512-W3ue/GYWXBOpkRm0VSoifrP3HV0Ni47aVJWvXyWMcbtpBy/l/K/smBRiJ+fI8f7shXRjZBiux+iJzYbh7VmcZg=="
    },
    "node_modules/@types/three": {
      "version": "0.125.3",
      "resolved": "https://registry.npmjs.org/@types/three/-/three-0.125.3.tgz",
      "integrity": "sha512-tUPMzKooKDvMOhqcNVUPwkt+JNnF8ASgWSsrLgleVd0SjLj4boJhteSsF9f6YDjye0mmUjO+BDMWW83F97ehXA=="
    },
    "node_modules/@types/virtual-dom": {
      "version": "2.1.0",
      "resolved": "https://registry.npmjs.org/@types/virtual-dom/-/virtual-dom-2.1.0.tgz",
      "integrity": "sha512-k2NNrNiaZSXaG9J1IizFkS52qcI4LN3nWNESq38ydwHxSS0Cy7nluhuhAR4t2Og4bRZeEB8PyzniLA43Hm+ggw=="
    },
    "node_modules/browser-split": {
      "version": "0.0.1",
      "resolved": "https://registry.npmjs.org/browser-split/-/browser-split-0.0.1.tgz",
      "integrity": "sha1-ewl1dPjj6tYG+0Zk5krf3aKYGpM="
    },
    "node_modules/camelize": {
      "version": "1.0.0",
      "resolved": "https://registry.npmjs.org/camelize/-/camelize-1.0.0.tgz",
      "integrity": "sha1-FkpUg+Yw+kMh5a8HAg5TGDGyYJs="
    },
    "node_modules/csscolorparser": {
      "version": "1.0.3",
      "resolved": "https://registry.npmjs.org/csscolorparser/-/csscolorparser-1.0.3.tgz",
      "integrity": "sha1-s085HupNqPPpgjHizNjfnAQfFxs="
    },
    "node_modules/dom-walk": {
      "version": "0.1.2",
      "resolved": "https://registry.npmjs.org/dom-walk/-/dom-walk-0.1.2.tgz",
      "integrity": "sha512-6QvTW9mrGeIegrFXdtQi9pk7O/nSK6lSdXW2eqUspN5LWD7UTji2Fqw5V2YLjBpHEoU9Xl/eUWNpDeZvoyOv2w=="
    },
    "node_modules/earcut": {
      "version": "2.2.2",
      "resolved": "https://registry.npmjs.org/earcut/-/earcut-2.2.2.tgz",
      "integrity": "sha512-eZoZPPJcUHnfRZ0PjLvx2qBordSiO8ofC3vt+qACLM95u+4DovnbYNpQtJh0DNsWj8RnxrQytD4WA8gj5cRIaQ=="
    },
    "node_modules/error": {
      "version": "4.4.0",
      "resolved": "https://registry.npmjs.org/error/-/error-4.4.0.tgz",
      "integrity": "sha1-v2n/JR+0onnBmtzNqmth6Q2b8So=",
      "dependencies": {
        "camelize": "^1.0.0",
        "string-template": "~0.2.0",
        "xtend": "~4.0.0"
      }
    },
    "node_modules/ev-store": {
      "version": "7.0.0",
      "resolved": "https://registry.npmjs.org/ev-store/-/ev-store-7.0.0.tgz",
      "integrity": "sha1-GrDH+CE2UF3XSzHRdwHLK+bSZVg=",
      "dependencies": {
        "individual": "^3.0.0"
      }
    },
    "node_modules/geojson-vt": {
      "version": "3.2.1",
      "resolved": "https://registry.npmjs.org/geojson-vt/-/geojson-vt-3.2.1.tgz",
      "integrity": "sha512-EvGQQi/zPrDA6zr6BnJD/YhwAkBP8nnJ9emh3EnHQKVMfg/MRVtPbMYdgVy/IaEmn4UfagD2a6fafPDL5hbtwg=="
    },
    "node_modules/get-stream": {
      "version": "6.0.1",
      "resolved": "https://registry.npmjs.org/get-stream/-/get-stream-6.0.1.tgz",
      "integrity": "sha512-ts6Wi+2j3jQjqi70w5AlN8DFnkSwC+MqmxEzdEALB2qXZYV3X/b1CTfgPLGJNMeAWxdPfU8FO1ms3NUfaHCPYg==",
      "engines": {
        "node": ">=10"
      },
      "funding": {
        "url": "https://github.com/sponsors/sindresorhus"
      }
    },
    "node_modules/gl-matrix": {
      "version": "3.3.0",
      "resolved": "https://registry.npmjs.org/gl-matrix/-/gl-matrix-3.3.0.tgz",
      "integrity": "sha512-COb7LDz+SXaHtl/h4LeaFcNdJdAQSDeVqjiIihSXNrkWObZLhDI4hIkZC11Aeqp7bcE72clzB0BnDXr2SmslRA=="
    },
    "node_modules/global": {
      "version": "4.4.0",
      "resolved": "https://registry.npmjs.org/global/-/global-4.4.0.tgz",
      "integrity": "sha512-wv/LAoHdRE3BeTGz53FAamhGlPLhlssK45usmGFThIi4XqnBmjKQ16u+RNbP7WvigRZDxUsM0J3gcQ5yicaL0w==",
      "dependencies": {
        "min-document": "^2.19.0",
        "process": "^0.11.10"
      }
    },
    "node_modules/grid-index": {
      "version": "1.1.0",
      "resolved": "https://registry.npmjs.org/grid-index/-/grid-index-1.1.0.tgz",
      "integrity": "sha512-HZRwumpOGUrHyxO5bqKZL0B0GlUpwtCAzZ42sgxUPniu33R1LSFH5yrIcBCHjkctCAh3mtWKcKd9J4vDDdeVHA=="
    },
    "node_modules/ieee754": {
      "version": "1.2.1",
      "resolved": "https://registry.npmjs.org/ieee754/-/ieee754-1.2.1.tgz",
      "integrity": "sha512-dcyqhDvX1C46lXZcVqCpK+FtMRQVdIMN6/Df5js2zouUsqG7I6sFxitIC+7KYK29KdXOLHdu9zL4sFnoVQnqaA==",
      "funding": [
        {
          "type": "github",
          "url": "https://github.com/sponsors/feross"
        },
        {
          "type": "patreon",
          "url": "https://www.patreon.com/feross"
        },
        {
          "type": "consulting",
          "url": "https://feross.org/support"
        }
      ]
    },
    "node_modules/individual": {
      "version": "3.0.0",
      "resolved": "https://registry.npmjs.org/individual/-/individual-3.0.0.tgz",
      "integrity": "sha1-58pPhfiVewGHNPKFdQ3CLsL5hi0="
    },
    "node_modules/is-object": {
      "version": "1.0.2",
      "resolved": "https://registry.npmjs.org/is-object/-/is-object-1.0.2.tgz",
      "integrity": "sha512-2rRIahhZr2UWb45fIOuvZGpFtz0TyOZLf32KxBbSoUCeZR495zCKlWUKKUByk3geS2eAs7ZAABt0Y/Rx0GiQGA==",
      "funding": {
        "url": "https://github.com/sponsors/ljharb"
      }
    },
    "node_modules/kdbush": {
      "version": "3.0.0",
      "resolved": "https://registry.npmjs.org/kdbush/-/kdbush-3.0.0.tgz",
      "integrity": "sha512-hRkd6/XW4HTsA9vjVpY9tuXJYLSlelnkTmVFu4M9/7MIYQtFcHpbugAU7UbOfjOiVSVYl2fqgBuJ32JUmRo5Ew=="
    },
    "node_modules/long": {
      "version": "3.2.0",
      "resolved": "https://registry.npmjs.org/long/-/long-3.2.0.tgz",
      "integrity": "sha1-2CG3E4yhy1gcFymQ7xTbIAtcR0s=",
      "engines": {
        "node": ">=0.6"
      }
    },
    "node_modules/mapbox-gl": {
      "version": "2.3.0",
      "resolved": "https://registry.npmjs.org/mapbox-gl/-/mapbox-gl-2.3.0.tgz",
      "integrity": "sha512-0ssKvbxNnvkenzmJCS0kbXGTYtFtlaX/UdOFGnGdR0nBW3cB2sXwx3yCK8b+SmvsTt6qumpkxeZy7ahspSCA8A==",
      "dependencies": {
        "@mapbox/geojson-rewind": "^0.5.0",
        "@mapbox/geojson-types": "^1.0.2",
        "@mapbox/jsonlint-lines-primitives": "^2.0.2",
        "@mapbox/mapbox-gl-supported": "^2.0.0",
        "@mapbox/point-geometry": "^0.1.0",
        "@mapbox/tiny-sdf": "^1.2.5",
        "@mapbox/unitbezier": "^0.0.0",
        "@mapbox/vector-tile": "^1.3.1",
        "@mapbox/whoots-js": "^3.1.0",
        "csscolorparser": "~1.0.3",
        "earcut": "^2.2.2",
        "geojson-vt": "^3.2.1",
        "gl-matrix": "^3.3.0",
        "grid-index": "^1.1.0",
        "minimist": "^1.2.5",
        "murmurhash-js": "^1.0.0",
        "pbf": "^3.2.1",
        "potpack": "^1.0.1",
        "quickselect": "^2.0.0",
        "rw": "^1.3.3",
        "supercluster": "^7.1.3",
        "tinyqueue": "^2.0.3",
        "vt-pbf": "^3.1.1"
      },
      "engines": {
        "node": ">=6.4.0"
      }
    },
    "node_modules/mapbox-gl/node_modules/tinyqueue": {
      "version": "2.0.3",
      "resolved": "https://registry.npmjs.org/tinyqueue/-/tinyqueue-2.0.3.tgz",
      "integrity": "sha512-ppJZNDuKGgxzkHihX8v9v9G5f+18gzaTfrukGrq6ueg0lmH4nqVnA2IPG0AEH3jKEk2GRJCUhDoqpoiw3PHLBA=="
    },
    "node_modules/mapillary-js": {
      "version": "4.0.0",
      "resolved": "https://registry.npmjs.org/mapillary-js/-/mapillary-js-4.0.0.tgz",
      "integrity": "sha512-aKzAf0Gvbyu+vL44EGuqRm4knNVZbMSEs0Ga29QrPvTWv/yUn4IKPa1FG91I9kPt/U+40+SeLfIdo8ydf9/bYg==",
      "dependencies": {
        "@mapbox/unitbezier": "0.0.0",
        "@types/earcut": "^2.1.1",
        "@types/node": "^14.14.31",
        "@types/pako": "^1.0.1",
        "@types/pbf": "^3.0.2",
        "@types/polylabel": "^1.0.5",
        "@types/rbush": "^3.0.0",
        "@types/three": "^0.125.3",
        "@types/virtual-dom": "^2.1.0",
        "earcut": "^2.2.2",
        "martinez-polygon-clipping": "^0.7.0",
        "pako": "^2.0.3",
        "pbf": "^3.2.1",
        "polylabel": "^1.1.0",
        "rbush": "^3.0.1",
        "rxjs": "^6.5.5",
        "s2-geometry": "^1.2.10",
        "three": "^0.125.2",
        "virtual-dom": "^2.1.1"
      }
    },
    "node_modules/mapillary-js/node_modules/three": {
      "version": "0.125.2",
      "resolved": "https://registry.npmjs.org/three/-/three-0.125.2.tgz",
      "integrity": "sha512-7rIRO23jVKWcAPFdW/HREU2NZMGWPBZ4XwEMt0Ak0jwLUKVJhcKM55eCBWyGZq/KiQbeo1IeuAoo/9l2dzhTXA=="
    },
    "node_modules/martinez-polygon-clipping": {
      "version": "0.7.1",
      "resolved": "https://registry.npmjs.org/martinez-polygon-clipping/-/martinez-polygon-clipping-0.7.1.tgz",
      "integrity": "sha512-Xt5hOjAVkRoGN7kUb/0VmkxcG07Ja+OA3qU+7YcY2pAlJ78V1G181VTozHCXpzlj0paNBbcLno77mcGeGStI0A==",
      "dependencies": {
        "robust-predicates": "^2.0.4",
        "splaytree": "^0.1.4",
        "tinyqueue": "^1.2.0"
      }
    },
    "node_modules/min-document": {
      "version": "2.19.0",
      "resolved": "https://registry.npmjs.org/min-document/-/min-document-2.19.0.tgz",
      "integrity": "sha1-e9KC4/WELtKVu3SM3Z8f+iyCRoU=",
      "dependencies": {
        "dom-walk": "^0.1.0"
      }
    },
    "node_modules/minimist": {
      "version": "1.2.5",
      "resolved": "https://registry.npmjs.org/minimist/-/minimist-1.2.5.tgz",
      "integrity": "sha512-FM9nNUYrRBAELZQT3xeZQ7fmMOBg6nWNmJKTcgsJeaLstP/UODVpGsr5OhXhhXg6f+qtJ8uiZ+PUxkDWcgIXLw=="
    },
    "node_modules/murmurhash-js": {
      "version": "1.0.0",
      "resolved": "https://registry.npmjs.org/murmurhash-js/-/murmurhash-js-1.0.0.tgz",
      "integrity": "sha1-sGJ44h/Gw3+lMTcysEEry2rhX1E="
    },
    "node_modules/next-tick": {
      "version": "0.2.2",
      "resolved": "https://registry.npmjs.org/next-tick/-/next-tick-0.2.2.tgz",
      "integrity": "sha1-ddpKkn7liH45BliABltzNkE7MQ0="
    },
    "node_modules/pako": {
      "version": "2.0.3",
      "resolved": "https://registry.npmjs.org/pako/-/pako-2.0.3.tgz",
      "integrity": "sha512-WjR1hOeg+kki3ZIOjaf4b5WVcay1jaliKSYiEaB1XzwhMQZJxRdQRv0V31EKBYlxb4T7SK3hjfc/jxyU64BoSw=="
    },
    "node_modules/pbf": {
      "version": "3.2.1",
      "resolved": "https://registry.npmjs.org/pbf/-/pbf-3.2.1.tgz",
      "integrity": "sha512-ClrV7pNOn7rtmoQVF4TS1vyU0WhYRnP92fzbfF75jAIwpnzdJXf8iTd4CMEqO4yUenH6NDqLiwjqlh6QgZzgLQ==",
      "dependencies": {
        "ieee754": "^1.1.12",
        "resolve-protobuf-schema": "^2.1.0"
      },
      "bin": {
        "pbf": "bin/pbf"
      }
    },
    "node_modules/polylabel": {
      "version": "1.1.0",
      "resolved": "https://registry.npmjs.org/polylabel/-/polylabel-1.1.0.tgz",
      "integrity": "sha512-bxaGcA40sL3d6M4hH72Z4NdLqxpXRsCFk8AITYg6x1rn1Ei3izf00UMLklerBZTO49aPA3CYrIwVulx2Bce2pA==",
      "dependencies": {
        "tinyqueue": "^2.0.3"
      }
    },
    "node_modules/polylabel/node_modules/tinyqueue": {
      "version": "2.0.3",
      "resolved": "https://registry.npmjs.org/tinyqueue/-/tinyqueue-2.0.3.tgz",
      "integrity": "sha512-ppJZNDuKGgxzkHihX8v9v9G5f+18gzaTfrukGrq6ueg0lmH4nqVnA2IPG0AEH3jKEk2GRJCUhDoqpoiw3PHLBA=="
    },
    "node_modules/potpack": {
      "version": "1.0.1",
      "resolved": "https://registry.npmjs.org/potpack/-/potpack-1.0.1.tgz",
      "integrity": "sha512-15vItUAbViaYrmaB/Pbw7z6qX2xENbFSTA7Ii4tgbPtasxm5v6ryKhKtL91tpWovDJzTiZqdwzhcFBCwiMVdVw=="
    },
    "node_modules/process": {
      "version": "0.11.10",
      "resolved": "https://registry.npmjs.org/process/-/process-0.11.10.tgz",
      "integrity": "sha1-czIwDoQBYb2j5podHZGn1LwW8YI=",
      "engines": {
        "node": ">= 0.6.0"
      }
    },
    "node_modules/protocol-buffers-schema": {
      "version": "3.5.1",
      "resolved": "https://registry.npmjs.org/protocol-buffers-schema/-/protocol-buffers-schema-3.5.1.tgz",
      "integrity": "sha512-YVCvdhxWNDP8/nJDyXLuM+UFsuPk4+1PB7WGPVDzm3HTHbzFLxQYeW2iZpS4mmnXrQJGBzt230t/BbEb7PrQaw=="
    },
    "node_modules/quickselect": {
      "version": "2.0.0",
      "resolved": "https://registry.npmjs.org/quickselect/-/quickselect-2.0.0.tgz",
      "integrity": "sha512-RKJ22hX8mHe3Y6wH/N3wCM6BWtjaxIyyUIkpHOvfFnxdI4yD4tBXEBKSbriGujF6jnSVkJrffuo6vxACiSSxIw=="
    },
    "node_modules/rbush": {
      "version": "3.0.1",
      "resolved": "https://registry.npmjs.org/rbush/-/rbush-3.0.1.tgz",
      "integrity": "sha512-XRaVO0YecOpEuIvbhbpTrZgoiI6xBlz6hnlr6EHhd+0x9ase6EmeN+hdwwUaJvLcsFFQ8iWVF1GAK1yB0BWi0w==",
      "dependencies": {
        "quickselect": "^2.0.0"
      }
    },
    "node_modules/resolve-protobuf-schema": {
      "version": "2.1.0",
      "resolved": "https://registry.npmjs.org/resolve-protobuf-schema/-/resolve-protobuf-schema-2.1.0.tgz",
      "integrity": "sha512-kI5ffTiZWmJaS/huM8wZfEMer1eRd7oJQhDuxeCLe3t7N7mX3z94CN0xPxBQxFYQTSNz9T0i+v6inKqSdK8xrQ==",
      "dependencies": {
        "protocol-buffers-schema": "^3.3.1"
      }
    },
    "node_modules/robust-predicates": {
      "version": "2.0.4",
      "resolved": "https://registry.npmjs.org/robust-predicates/-/robust-predicates-2.0.4.tgz",
      "integrity": "sha512-l4NwboJM74Ilm4VKfbAtFeGq7aEjWL+5kVFcmgFA2MrdnQWx9iE/tUGvxY5HyMI7o/WpSIUFLbC5fbeaHgSCYg=="
    },
    "node_modules/rw": {
      "version": "1.3.3",
      "resolved": "https://registry.npmjs.org/rw/-/rw-1.3.3.tgz",
      "integrity": "sha1-P4Yt+pGrdmsUiF700BEkv9oHT7Q="
    },
    "node_modules/rxjs": {
      "version": "6.6.7",
      "resolved": "https://registry.npmjs.org/rxjs/-/rxjs-6.6.7.tgz",
      "integrity": "sha512-hTdwr+7yYNIT5n4AMYp85KA6yw2Va0FLa3Rguvbpa4W3I5xynaBZo41cM3XM+4Q6fRMj3sBYIR1VAmZMXYJvRQ==",
      "dependencies": {
        "tslib": "^1.9.0"
      },
      "engines": {
        "npm": ">=2.0.0"
      }
    },
    "node_modules/s2-geometry": {
      "version": "1.2.10",
      "resolved": "https://registry.npmjs.org/s2-geometry/-/s2-geometry-1.2.10.tgz",
      "integrity": "sha1-xv8i8+zK/Q7qSRtgtEwUG5iHrKs=",
      "dependencies": {
        "long": "^3.2.0"
      }
    },
    "node_modules/splaytree": {
      "version": "0.1.4",
      "resolved": "https://registry.npmjs.org/splaytree/-/splaytree-0.1.4.tgz",
      "integrity": "sha512-D50hKrjZgBzqD3FT2Ek53f2dcDLAQT8SSGrzj3vidNH5ISRgceeGVJ2dQIthKOuayqFXfFjXheHNo4bbt9LhRQ=="
    },
    "node_modules/string-template": {
      "version": "0.2.1",
      "resolved": "https://registry.npmjs.org/string-template/-/string-template-0.2.1.tgz",
      "integrity": "sha1-QpMuWYo1LQH8IuwzZ9nYTuxsmt0="
    },
    "node_modules/supercluster": {
      "version": "7.1.3",
      "resolved": "https://registry.npmjs.org/supercluster/-/supercluster-7.1.3.tgz",
      "integrity": "sha512-7+bR4FbF5SYsmkHfDp61QiwCKtwNDyPsddk9TzfsDA5DQr5Goii5CVD2SXjglweFCxjrzVZf945ahqYfUIk8UA==",
      "dependencies": {
        "kdbush": "^3.0.0"
      }
    },
    "node_modules/three": {
      "version": "0.127.0",
      "resolved": "https://registry.npmjs.org/three/-/three-0.127.0.tgz",
      "integrity": "sha512-wtgrn+mhYUbobxT7QN3GPdu3SRpSBQvwY6uOzLChWS7QE//f7paDU/+wlzbg+ngeIvBBqjBHSRuywTh8A99Jng=="
    },
    "node_modules/tinyqueue": {
      "version": "1.2.3",
      "resolved": "https://registry.npmjs.org/tinyqueue/-/tinyqueue-1.2.3.tgz",
      "integrity": "sha512-Qz9RgWuO9l8lT+Y9xvbzhPT2efIUIFd69N7eF7tJ9lnQl0iLj1M7peK7IoUGZL9DJHw9XftqLreccfxcQgYLxA=="
    },
    "node_modules/tslib": {
      "version": "1.14.1",
      "resolved": "https://registry.npmjs.org/tslib/-/tslib-1.14.1.tgz",
      "integrity": "sha512-Xni35NKzjgMrwevysHTCArtLDpPvye8zV/0E4EyYn43P7/7qvQwPh9BGkHewbMulVntbigmcT7rdX3BNo9wRJg=="
    },
    "node_modules/virtual-dom": {
      "version": "2.1.1",
      "resolved": "https://registry.npmjs.org/virtual-dom/-/virtual-dom-2.1.1.tgz",
      "integrity": "sha1-gO2i1IG57eDASRGM78tKBfIdE3U=",
      "dependencies": {
        "browser-split": "0.0.1",
        "error": "^4.3.0",
        "ev-store": "^7.0.0",
        "global": "^4.3.0",
        "is-object": "^1.0.1",
        "next-tick": "^0.2.2",
        "x-is-array": "0.1.0",
        "x-is-string": "0.1.0"
      }
    },
    "node_modules/vt-pbf": {
      "version": "3.1.3",
      "resolved": "https://registry.npmjs.org/vt-pbf/-/vt-pbf-3.1.3.tgz",
      "integrity": "sha512-2LzDFzt0mZKZ9IpVF2r69G9bXaP2Q2sArJCmcCgvfTdCCZzSyz4aCLoQyUilu37Ll56tCblIZrXFIjNUpGIlmA==",
      "dependencies": {
        "@mapbox/point-geometry": "0.1.0",
        "@mapbox/vector-tile": "^1.3.1",
        "pbf": "^3.2.1"
      }
    },
    "node_modules/x-is-array": {
      "version": "0.1.0",
      "resolved": "https://registry.npmjs.org/x-is-array/-/x-is-array-0.1.0.tgz",
      "integrity": "sha1-3lIBcdR7P0FvVYfWKbidJrEtwp0="
    },
    "node_modules/x-is-string": {
      "version": "0.1.0",
      "resolved": "https://registry.npmjs.org/x-is-string/-/x-is-string-0.1.0.tgz",
      "integrity": "sha1-R0tQhlrzpJqcRlfwWs0UVFj3fYI="
    },
    "node_modules/xtend": {
      "version": "4.0.2",
      "resolved": "https://registry.npmjs.org/xtend/-/xtend-4.0.2.tgz",
      "integrity": "sha512-LKYU1iAXJXUgAXn9URjiu+MWhyUXHsvfp7mcuYm9dSUKK0/CjtrUwFAxD82/mCWbtLsGjFIad0wIsod4zrTAEQ==",
      "engines": {
        "node": ">=0.4"
      }
    }
  },
  "dependencies": {
    "@mapbox/geojson-rewind": {
      "version": "0.5.1",
      "resolved": "https://registry.npmjs.org/@mapbox/geojson-rewind/-/geojson-rewind-0.5.1.tgz",
      "integrity": "sha512-eL7fMmfTBKjrb+VFHXCGv9Ot0zc3C0U+CwXo1IrP+EPwDczLoXv34Tgq3y+2mPSFNVUXgU42ILWJTC7145KPTA==",
      "requires": {
        "get-stream": "^6.0.1",
        "minimist": "^1.2.5"
      }
    },
    "@mapbox/geojson-types": {
      "version": "1.0.2",
      "resolved": "https://registry.npmjs.org/@mapbox/geojson-types/-/geojson-types-1.0.2.tgz",
      "integrity": "sha512-e9EBqHHv3EORHrSfbR9DqecPNn+AmuAoQxV6aL8Xu30bJMJR1o8PZLZzpk1Wq7/NfCbuhmakHTPYRhoqLsXRnw=="
    },
    "@mapbox/jsonlint-lines-primitives": {
      "version": "2.0.2",
      "resolved": "https://registry.npmjs.org/@mapbox/jsonlint-lines-primitives/-/jsonlint-lines-primitives-2.0.2.tgz",
      "integrity": "sha1-zlblOfg1UrWNENZy6k1vya3HsjQ="
    },
    "@mapbox/mapbox-gl-supported": {
      "version": "2.0.0",
      "resolved": "https://registry.npmjs.org/@mapbox/mapbox-gl-supported/-/mapbox-gl-supported-2.0.0.tgz",
      "integrity": "sha512-zu4udqYiBrKMQKwpKJ4hhPON7tz0QR/JZ3iGpHnNWFmH3Sv/ysxlICATUtGCFpsyJf2v1WpFhlzaZ3GhhKmPMA=="
    },
    "@mapbox/point-geometry": {
      "version": "0.1.0",
      "resolved": "https://registry.npmjs.org/@mapbox/point-geometry/-/point-geometry-0.1.0.tgz",
      "integrity": "sha1-ioP5M1x4YO/6Lu7KJUMyqgru2PI="
    },
    "@mapbox/tiny-sdf": {
      "version": "1.2.5",
      "resolved": "https://registry.npmjs.org/@mapbox/tiny-sdf/-/tiny-sdf-1.2.5.tgz",
      "integrity": "sha512-cD8A/zJlm6fdJOk6DqPUV8mcpyJkRz2x2R+/fYcWDYG3oWbG7/L7Yl/WqQ1VZCjnL9OTIMAn6c+BC5Eru4sQEw=="
    },
    "@mapbox/unitbezier": {
      "version": "0.0.0",
      "resolved": "https://registry.npmjs.org/@mapbox/unitbezier/-/unitbezier-0.0.0.tgz",
      "integrity": "sha1-FWUb1VOme4WB+zmIEMmK2Go0Uk4="
    },
    "@mapbox/vector-tile": {
      "version": "1.3.1",
      "resolved": "https://registry.npmjs.org/@mapbox/vector-tile/-/vector-tile-1.3.1.tgz",
      "integrity": "sha512-MCEddb8u44/xfQ3oD+Srl/tNcQoqTw3goGk2oLsrFxOTc3dUp+kAnby3PvAeeBYSMSjSPD1nd1AJA6W49WnoUw==",
      "requires": {
        "@mapbox/point-geometry": "~0.1.0"
      }
    },
    "@mapbox/whoots-js": {
      "version": "3.1.0",
      "resolved": "https://registry.npmjs.org/@mapbox/whoots-js/-/whoots-js-3.1.0.tgz",
      "integrity": "sha512-Es6WcD0nO5l+2BOQS4uLfNPYQaNDfbot3X1XUoloz+x0mPDS3eeORZJl06HXjwBG1fOGwCRnzK88LMdxKRrd6Q=="
    },
    "@types/earcut": {
      "version": "2.1.1",
      "resolved": "https://registry.npmjs.org/@types/earcut/-/earcut-2.1.1.tgz",
      "integrity": "sha512-w8oigUCDjElRHRRrMvn/spybSMyX8MTkKA5Dv+tS1IE/TgmNZPqUYtvYBXGY8cieSE66gm+szeK+bnbxC2xHTQ=="
    },
    "@types/node": {
      "version": "14.17.2",
      "resolved": "https://registry.npmjs.org/@types/node/-/node-14.17.2.tgz",
      "integrity": "sha512-sld7b/xmFum66AAKuz/rp/CUO8+98fMpyQ3SBfzzBNGMd/1iHBTAg9oyAvcYlAj46bpc74r91jSw2iFdnx29nw=="
    },
    "@types/pako": {
      "version": "1.0.1",
      "resolved": "https://registry.npmjs.org/@types/pako/-/pako-1.0.1.tgz",
      "integrity": "sha512-GdZbRSJ3Cv5fiwT6I0SQ3ckeN2PWNqxd26W9Z2fCK1tGrrasGy4puvNFtnddqH9UJFMQYXxEuuB7B8UK+LLwSg=="
    },
    "@types/pbf": {
      "version": "3.0.2",
      "resolved": "https://registry.npmjs.org/@types/pbf/-/pbf-3.0.2.tgz",
      "integrity": "sha512-EDrLIPaPXOZqDjrkzxxbX7UlJSeQVgah3i0aA4pOSzmK9zq3BIh7/MZIQxED7slJByvKM4Gc6Hypyu2lJzh3SQ=="
    },
    "@types/polylabel": {
      "version": "1.0.5",
      "resolved": "https://registry.npmjs.org/@types/polylabel/-/polylabel-1.0.5.tgz",
      "integrity": "sha512-gnaNmo1OJiYNBFAZMZdqLZ3hKx2ee4ksAzqhKWBxuQ61PmhINHMcvIqsGmyCD1WFKCkwRt9NFhMSmKE6AgYY+w=="
    },
    "@types/rbush": {
      "version": "3.0.0",
      "resolved": "https://registry.npmjs.org/@types/rbush/-/rbush-3.0.0.tgz",
      "integrity": "sha512-W3ue/GYWXBOpkRm0VSoifrP3HV0Ni47aVJWvXyWMcbtpBy/l/K/smBRiJ+fI8f7shXRjZBiux+iJzYbh7VmcZg=="
    },
    "@types/three": {
      "version": "0.125.3",
      "resolved": "https://registry.npmjs.org/@types/three/-/three-0.125.3.tgz",
      "integrity": "sha512-tUPMzKooKDvMOhqcNVUPwkt+JNnF8ASgWSsrLgleVd0SjLj4boJhteSsF9f6YDjye0mmUjO+BDMWW83F97ehXA=="
    },
    "@types/virtual-dom": {
      "version": "2.1.0",
      "resolved": "https://registry.npmjs.org/@types/virtual-dom/-/virtual-dom-2.1.0.tgz",
      "integrity": "sha512-k2NNrNiaZSXaG9J1IizFkS52qcI4LN3nWNESq38ydwHxSS0Cy7nluhuhAR4t2Og4bRZeEB8PyzniLA43Hm+ggw=="
    },
    "browser-split": {
      "version": "0.0.1",
      "resolved": "https://registry.npmjs.org/browser-split/-/browser-split-0.0.1.tgz",
      "integrity": "sha1-ewl1dPjj6tYG+0Zk5krf3aKYGpM="
    },
    "camelize": {
      "version": "1.0.0",
      "resolved": "https://registry.npmjs.org/camelize/-/camelize-1.0.0.tgz",
      "integrity": "sha1-FkpUg+Yw+kMh5a8HAg5TGDGyYJs="
    },
    "csscolorparser": {
      "version": "1.0.3",
      "resolved": "https://registry.npmjs.org/csscolorparser/-/csscolorparser-1.0.3.tgz",
      "integrity": "sha1-s085HupNqPPpgjHizNjfnAQfFxs="
    },
    "dom-walk": {
      "version": "0.1.2",
      "resolved": "https://registry.npmjs.org/dom-walk/-/dom-walk-0.1.2.tgz",
      "integrity": "sha512-6QvTW9mrGeIegrFXdtQi9pk7O/nSK6lSdXW2eqUspN5LWD7UTji2Fqw5V2YLjBpHEoU9Xl/eUWNpDeZvoyOv2w=="
    },
    "earcut": {
      "version": "2.2.2",
      "resolved": "https://registry.npmjs.org/earcut/-/earcut-2.2.2.tgz",
      "integrity": "sha512-eZoZPPJcUHnfRZ0PjLvx2qBordSiO8ofC3vt+qACLM95u+4DovnbYNpQtJh0DNsWj8RnxrQytD4WA8gj5cRIaQ=="
    },
    "error": {
      "version": "4.4.0",
      "resolved": "https://registry.npmjs.org/error/-/error-4.4.0.tgz",
      "integrity": "sha1-v2n/JR+0onnBmtzNqmth6Q2b8So=",
      "requires": {
        "camelize": "^1.0.0",
        "string-template": "~0.2.0",
        "xtend": "~4.0.0"
      }
    },
    "ev-store": {
      "version": "7.0.0",
      "resolved": "https://registry.npmjs.org/ev-store/-/ev-store-7.0.0.tgz",
      "integrity": "sha1-GrDH+CE2UF3XSzHRdwHLK+bSZVg=",
      "requires": {
        "individual": "^3.0.0"
      }
    },
    "geojson-vt": {
      "version": "3.2.1",
      "resolved": "https://registry.npmjs.org/geojson-vt/-/geojson-vt-3.2.1.tgz",
      "integrity": "sha512-EvGQQi/zPrDA6zr6BnJD/YhwAkBP8nnJ9emh3EnHQKVMfg/MRVtPbMYdgVy/IaEmn4UfagD2a6fafPDL5hbtwg=="
    },
    "get-stream": {
      "version": "6.0.1",
      "resolved": "https://registry.npmjs.org/get-stream/-/get-stream-6.0.1.tgz",
      "integrity": "sha512-ts6Wi+2j3jQjqi70w5AlN8DFnkSwC+MqmxEzdEALB2qXZYV3X/b1CTfgPLGJNMeAWxdPfU8FO1ms3NUfaHCPYg=="
    },
    "gl-matrix": {
      "version": "3.3.0",
      "resolved": "https://registry.npmjs.org/gl-matrix/-/gl-matrix-3.3.0.tgz",
      "integrity": "sha512-COb7LDz+SXaHtl/h4LeaFcNdJdAQSDeVqjiIihSXNrkWObZLhDI4hIkZC11Aeqp7bcE72clzB0BnDXr2SmslRA=="
    },
    "global": {
      "version": "4.4.0",
      "resolved": "https://registry.npmjs.org/global/-/global-4.4.0.tgz",
      "integrity": "sha512-wv/LAoHdRE3BeTGz53FAamhGlPLhlssK45usmGFThIi4XqnBmjKQ16u+RNbP7WvigRZDxUsM0J3gcQ5yicaL0w==",
      "requires": {
        "min-document": "^2.19.0",
        "process": "^0.11.10"
      }
    },
    "grid-index": {
      "version": "1.1.0",
      "resolved": "https://registry.npmjs.org/grid-index/-/grid-index-1.1.0.tgz",
      "integrity": "sha512-HZRwumpOGUrHyxO5bqKZL0B0GlUpwtCAzZ42sgxUPniu33R1LSFH5yrIcBCHjkctCAh3mtWKcKd9J4vDDdeVHA=="
    },
    "ieee754": {
      "version": "1.2.1",
      "resolved": "https://registry.npmjs.org/ieee754/-/ieee754-1.2.1.tgz",
      "integrity": "sha512-dcyqhDvX1C46lXZcVqCpK+FtMRQVdIMN6/Df5js2zouUsqG7I6sFxitIC+7KYK29KdXOLHdu9zL4sFnoVQnqaA=="
    },
    "individual": {
      "version": "3.0.0",
      "resolved": "https://registry.npmjs.org/individual/-/individual-3.0.0.tgz",
      "integrity": "sha1-58pPhfiVewGHNPKFdQ3CLsL5hi0="
    },
    "is-object": {
      "version": "1.0.2",
      "resolved": "https://registry.npmjs.org/is-object/-/is-object-1.0.2.tgz",
      "integrity": "sha512-2rRIahhZr2UWb45fIOuvZGpFtz0TyOZLf32KxBbSoUCeZR495zCKlWUKKUByk3geS2eAs7ZAABt0Y/Rx0GiQGA=="
    },
    "kdbush": {
      "version": "3.0.0",
      "resolved": "https://registry.npmjs.org/kdbush/-/kdbush-3.0.0.tgz",
      "integrity": "sha512-hRkd6/XW4HTsA9vjVpY9tuXJYLSlelnkTmVFu4M9/7MIYQtFcHpbugAU7UbOfjOiVSVYl2fqgBuJ32JUmRo5Ew=="
    },
    "long": {
      "version": "3.2.0",
      "resolved": "https://registry.npmjs.org/long/-/long-3.2.0.tgz",
      "integrity": "sha1-2CG3E4yhy1gcFymQ7xTbIAtcR0s="
    },
    "mapbox-gl": {
      "version": "2.3.0",
      "resolved": "https://registry.npmjs.org/mapbox-gl/-/mapbox-gl-2.3.0.tgz",
      "integrity": "sha512-0ssKvbxNnvkenzmJCS0kbXGTYtFtlaX/UdOFGnGdR0nBW3cB2sXwx3yCK8b+SmvsTt6qumpkxeZy7ahspSCA8A==",
      "requires": {
        "@mapbox/geojson-rewind": "^0.5.0",
        "@mapbox/geojson-types": "^1.0.2",
        "@mapbox/jsonlint-lines-primitives": "^2.0.2",
        "@mapbox/mapbox-gl-supported": "^2.0.0",
        "@mapbox/point-geometry": "^0.1.0",
        "@mapbox/tiny-sdf": "^1.2.5",
        "@mapbox/unitbezier": "^0.0.0",
        "@mapbox/vector-tile": "^1.3.1",
        "@mapbox/whoots-js": "^3.1.0",
        "csscolorparser": "~1.0.3",
        "earcut": "^2.2.2",
        "geojson-vt": "^3.2.1",
        "gl-matrix": "^3.3.0",
        "grid-index": "^1.1.0",
        "minimist": "^1.2.5",
        "murmurhash-js": "^1.0.0",
        "pbf": "^3.2.1",
        "potpack": "^1.0.1",
        "quickselect": "^2.0.0",
        "rw": "^1.3.3",
        "supercluster": "^7.1.3",
        "tinyqueue": "^2.0.3",
        "vt-pbf": "^3.1.1"
      },
      "dependencies": {
        "tinyqueue": {
          "version": "2.0.3",
          "resolved": "https://registry.npmjs.org/tinyqueue/-/tinyqueue-2.0.3.tgz",
          "integrity": "sha512-ppJZNDuKGgxzkHihX8v9v9G5f+18gzaTfrukGrq6ueg0lmH4nqVnA2IPG0AEH3jKEk2GRJCUhDoqpoiw3PHLBA=="
        }
      }
    },
    "mapillary-js": {
      "version": "4.0.0",
      "resolved": "https://registry.npmjs.org/mapillary-js/-/mapillary-js-4.0.0.tgz",
      "integrity": "sha512-aKzAf0Gvbyu+vL44EGuqRm4knNVZbMSEs0Ga29QrPvTWv/yUn4IKPa1FG91I9kPt/U+40+SeLfIdo8ydf9/bYg==",
      "requires": {
        "@mapbox/unitbezier": "0.0.0",
        "@types/earcut": "^2.1.1",
        "@types/node": "^14.14.31",
        "@types/pako": "^1.0.1",
        "@types/pbf": "^3.0.2",
        "@types/polylabel": "^1.0.5",
        "@types/rbush": "^3.0.0",
        "@types/three": "^0.125.3",
        "@types/virtual-dom": "^2.1.0",
        "earcut": "^2.2.2",
        "martinez-polygon-clipping": "^0.7.0",
        "pako": "^2.0.3",
        "pbf": "^3.2.1",
        "polylabel": "^1.1.0",
        "rbush": "^3.0.1",
        "rxjs": "^6.5.5",
        "s2-geometry": "^1.2.10",
        "three": "^0.125.2",
        "virtual-dom": "^2.1.1"
      },
      "dependencies": {
        "three": {
          "version": "0.125.2",
          "resolved": "https://registry.npmjs.org/three/-/three-0.125.2.tgz",
          "integrity": "sha512-7rIRO23jVKWcAPFdW/HREU2NZMGWPBZ4XwEMt0Ak0jwLUKVJhcKM55eCBWyGZq/KiQbeo1IeuAoo/9l2dzhTXA=="
        }
      }
    },
    "martinez-polygon-clipping": {
      "version": "0.7.1",
      "resolved": "https://registry.npmjs.org/martinez-polygon-clipping/-/martinez-polygon-clipping-0.7.1.tgz",
      "integrity": "sha512-Xt5hOjAVkRoGN7kUb/0VmkxcG07Ja+OA3qU+7YcY2pAlJ78V1G181VTozHCXpzlj0paNBbcLno77mcGeGStI0A==",
      "requires": {
        "robust-predicates": "^2.0.4",
        "splaytree": "^0.1.4",
        "tinyqueue": "^1.2.0"
      }
    },
    "min-document": {
      "version": "2.19.0",
      "resolved": "https://registry.npmjs.org/min-document/-/min-document-2.19.0.tgz",
      "integrity": "sha1-e9KC4/WELtKVu3SM3Z8f+iyCRoU=",
      "requires": {
        "dom-walk": "^0.1.0"
      }
    },
    "minimist": {
      "version": "1.2.5",
      "resolved": "https://registry.npmjs.org/minimist/-/minimist-1.2.5.tgz",
      "integrity": "sha512-FM9nNUYrRBAELZQT3xeZQ7fmMOBg6nWNmJKTcgsJeaLstP/UODVpGsr5OhXhhXg6f+qtJ8uiZ+PUxkDWcgIXLw=="
    },
    "murmurhash-js": {
      "version": "1.0.0",
      "resolved": "https://registry.npmjs.org/murmurhash-js/-/murmurhash-js-1.0.0.tgz",
      "integrity": "sha1-sGJ44h/Gw3+lMTcysEEry2rhX1E="
    },
    "next-tick": {
      "version": "0.2.2",
      "resolved": "https://registry.npmjs.org/next-tick/-/next-tick-0.2.2.tgz",
      "integrity": "sha1-ddpKkn7liH45BliABltzNkE7MQ0="
    },
    "pako": {
      "version": "2.0.3",
      "resolved": "https://registry.npmjs.org/pako/-/pako-2.0.3.tgz",
      "integrity": "sha512-WjR1hOeg+kki3ZIOjaf4b5WVcay1jaliKSYiEaB1XzwhMQZJxRdQRv0V31EKBYlxb4T7SK3hjfc/jxyU64BoSw=="
    },
    "pbf": {
      "version": "3.2.1",
      "resolved": "https://registry.npmjs.org/pbf/-/pbf-3.2.1.tgz",
      "integrity": "sha512-ClrV7pNOn7rtmoQVF4TS1vyU0WhYRnP92fzbfF75jAIwpnzdJXf8iTd4CMEqO4yUenH6NDqLiwjqlh6QgZzgLQ==",
      "requires": {
        "ieee754": "^1.1.12",
        "resolve-protobuf-schema": "^2.1.0"
      }
    },
    "polylabel": {
      "version": "1.1.0",
      "resolved": "https://registry.npmjs.org/polylabel/-/polylabel-1.1.0.tgz",
      "integrity": "sha512-bxaGcA40sL3d6M4hH72Z4NdLqxpXRsCFk8AITYg6x1rn1Ei3izf00UMLklerBZTO49aPA3CYrIwVulx2Bce2pA==",
      "requires": {
        "tinyqueue": "^2.0.3"
      },
      "dependencies": {
        "tinyqueue": {
          "version": "2.0.3",
          "resolved": "https://registry.npmjs.org/tinyqueue/-/tinyqueue-2.0.3.tgz",
          "integrity": "sha512-ppJZNDuKGgxzkHihX8v9v9G5f+18gzaTfrukGrq6ueg0lmH4nqVnA2IPG0AEH3jKEk2GRJCUhDoqpoiw3PHLBA=="
        }
      }
    },
    "potpack": {
      "version": "1.0.1",
      "resolved": "https://registry.npmjs.org/potpack/-/potpack-1.0.1.tgz",
      "integrity": "sha512-15vItUAbViaYrmaB/Pbw7z6qX2xENbFSTA7Ii4tgbPtasxm5v6ryKhKtL91tpWovDJzTiZqdwzhcFBCwiMVdVw=="
    },
    "process": {
      "version": "0.11.10",
      "resolved": "https://registry.npmjs.org/process/-/process-0.11.10.tgz",
      "integrity": "sha1-czIwDoQBYb2j5podHZGn1LwW8YI="
    },
    "protocol-buffers-schema": {
      "version": "3.5.1",
      "resolved": "https://registry.npmjs.org/protocol-buffers-schema/-/protocol-buffers-schema-3.5.1.tgz",
      "integrity": "sha512-YVCvdhxWNDP8/nJDyXLuM+UFsuPk4+1PB7WGPVDzm3HTHbzFLxQYeW2iZpS4mmnXrQJGBzt230t/BbEb7PrQaw=="
    },
    "quickselect": {
      "version": "2.0.0",
      "resolved": "https://registry.npmjs.org/quickselect/-/quickselect-2.0.0.tgz",
      "integrity": "sha512-RKJ22hX8mHe3Y6wH/N3wCM6BWtjaxIyyUIkpHOvfFnxdI4yD4tBXEBKSbriGujF6jnSVkJrffuo6vxACiSSxIw=="
    },
    "rbush": {
      "version": "3.0.1",
      "resolved": "https://registry.npmjs.org/rbush/-/rbush-3.0.1.tgz",
      "integrity": "sha512-XRaVO0YecOpEuIvbhbpTrZgoiI6xBlz6hnlr6EHhd+0x9ase6EmeN+hdwwUaJvLcsFFQ8iWVF1GAK1yB0BWi0w==",
      "requires": {
        "quickselect": "^2.0.0"
      }
    },
    "resolve-protobuf-schema": {
      "version": "2.1.0",
      "resolved": "https://registry.npmjs.org/resolve-protobuf-schema/-/resolve-protobuf-schema-2.1.0.tgz",
      "integrity": "sha512-kI5ffTiZWmJaS/huM8wZfEMer1eRd7oJQhDuxeCLe3t7N7mX3z94CN0xPxBQxFYQTSNz9T0i+v6inKqSdK8xrQ==",
      "requires": {
        "protocol-buffers-schema": "^3.3.1"
      }
    },
    "robust-predicates": {
      "version": "2.0.4",
      "resolved": "https://registry.npmjs.org/robust-predicates/-/robust-predicates-2.0.4.tgz",
      "integrity": "sha512-l4NwboJM74Ilm4VKfbAtFeGq7aEjWL+5kVFcmgFA2MrdnQWx9iE/tUGvxY5HyMI7o/WpSIUFLbC5fbeaHgSCYg=="
    },
    "rw": {
      "version": "1.3.3",
      "resolved": "https://registry.npmjs.org/rw/-/rw-1.3.3.tgz",
      "integrity": "sha1-P4Yt+pGrdmsUiF700BEkv9oHT7Q="
    },
    "rxjs": {
      "version": "6.6.7",
      "resolved": "https://registry.npmjs.org/rxjs/-/rxjs-6.6.7.tgz",
      "integrity": "sha512-hTdwr+7yYNIT5n4AMYp85KA6yw2Va0FLa3Rguvbpa4W3I5xynaBZo41cM3XM+4Q6fRMj3sBYIR1VAmZMXYJvRQ==",
      "requires": {
        "tslib": "^1.9.0"
      }
    },
    "s2-geometry": {
      "version": "1.2.10",
      "resolved": "https://registry.npmjs.org/s2-geometry/-/s2-geometry-1.2.10.tgz",
      "integrity": "sha1-xv8i8+zK/Q7qSRtgtEwUG5iHrKs=",
      "requires": {
        "long": "^3.2.0"
      }
    },
    "splaytree": {
      "version": "0.1.4",
      "resolved": "https://registry.npmjs.org/splaytree/-/splaytree-0.1.4.tgz",
      "integrity": "sha512-D50hKrjZgBzqD3FT2Ek53f2dcDLAQT8SSGrzj3vidNH5ISRgceeGVJ2dQIthKOuayqFXfFjXheHNo4bbt9LhRQ=="
    },
    "string-template": {
      "version": "0.2.1",
      "resolved": "https://registry.npmjs.org/string-template/-/string-template-0.2.1.tgz",
      "integrity": "sha1-QpMuWYo1LQH8IuwzZ9nYTuxsmt0="
    },
    "supercluster": {
      "version": "7.1.3",
      "resolved": "https://registry.npmjs.org/supercluster/-/supercluster-7.1.3.tgz",
      "integrity": "sha512-7+bR4FbF5SYsmkHfDp61QiwCKtwNDyPsddk9TzfsDA5DQr5Goii5CVD2SXjglweFCxjrzVZf945ahqYfUIk8UA==",
      "requires": {
        "kdbush": "^3.0.0"
      }
    },
    "three": {
      "version": "0.127.0",
      "resolved": "https://registry.npmjs.org/three/-/three-0.127.0.tgz",
      "integrity": "sha512-wtgrn+mhYUbobxT7QN3GPdu3SRpSBQvwY6uOzLChWS7QE//f7paDU/+wlzbg+ngeIvBBqjBHSRuywTh8A99Jng=="
    },
    "tinyqueue": {
      "version": "1.2.3",
      "resolved": "https://registry.npmjs.org/tinyqueue/-/tinyqueue-1.2.3.tgz",
      "integrity": "sha512-Qz9RgWuO9l8lT+Y9xvbzhPT2efIUIFd69N7eF7tJ9lnQl0iLj1M7peK7IoUGZL9DJHw9XftqLreccfxcQgYLxA=="
    },
    "tslib": {
      "version": "1.14.1",
      "resolved": "https://registry.npmjs.org/tslib/-/tslib-1.14.1.tgz",
      "integrity": "sha512-Xni35NKzjgMrwevysHTCArtLDpPvye8zV/0E4EyYn43P7/7qvQwPh9BGkHewbMulVntbigmcT7rdX3BNo9wRJg=="
    },
    "virtual-dom": {
      "version": "2.1.1",
      "resolved": "https://registry.npmjs.org/virtual-dom/-/virtual-dom-2.1.1.tgz",
      "integrity": "sha1-gO2i1IG57eDASRGM78tKBfIdE3U=",
      "requires": {
        "browser-split": "0.0.1",
        "error": "^4.3.0",
        "ev-store": "^7.0.0",
        "global": "^4.3.0",
        "is-object": "^1.0.1",
        "next-tick": "^0.2.2",
        "x-is-array": "0.1.0",
        "x-is-string": "0.1.0"
      }
    },
    "vt-pbf": {
      "version": "3.1.3",
      "resolved": "https://registry.npmjs.org/vt-pbf/-/vt-pbf-3.1.3.tgz",
      "integrity": "sha512-2LzDFzt0mZKZ9IpVF2r69G9bXaP2Q2sArJCmcCgvfTdCCZzSyz4aCLoQyUilu37Ll56tCblIZrXFIjNUpGIlmA==",
      "requires": {
        "@mapbox/point-geometry": "0.1.0",
        "@mapbox/vector-tile": "^1.3.1",
        "pbf": "^3.2.1"
      }
    },
    "x-is-array": {
      "version": "0.1.0",
      "resolved": "https://registry.npmjs.org/x-is-array/-/x-is-array-0.1.0.tgz",
      "integrity": "sha1-3lIBcdR7P0FvVYfWKbidJrEtwp0="
    },
    "x-is-string": {
      "version": "0.1.0",
      "resolved": "https://registry.npmjs.org/x-is-string/-/x-is-string-0.1.0.tgz",
      "integrity": "sha1-R0tQhlrzpJqcRlfwWs0UVFj3fYI="
    },
    "xtend": {
      "version": "4.0.2",
      "resolved": "https://registry.npmjs.org/xtend/-/xtend-4.0.2.tgz",
      "integrity": "sha512-LKYU1iAXJXUgAXn9URjiu+MWhyUXHsvfp7mcuYm9dSUKK0/CjtrUwFAxD82/mCWbtLsGjFIad0wIsod4zrTAEQ=="
    }
  }
}
